
Microsoft Visual Studio Solution File, Format Version 12.00
# Visual Studio Version 16
VisualStudioVersion = 16.0.30204.135
MinimumVisualStudioVersion = 10.0.40219.1
Project("{FAE04EC0-301F-11D3-BF4B-00C04F79EFBC}") = "Md_Edi", "Md_Edi.csproj", "{545FEFBB-0BA6-4152-831F-32FB51B9F784}"
EndProject
Global
	GlobalSection(SolutionConfigurationPlatforms) = preSolution
		Debug|Any CPU = Debug|Any CPU
		Release|Any CPU = Release|Any CPU
	EndGlobalSection
	GlobalSection(ProjectConfigurationPlatforms) = postSolution
		{545FEFBB-0BA6-4152-831F-32FB51B9F784}.Debug|Any CPU.ActiveCfg = Debug|Any CPU
		{545FEFBB-0BA6-4152-831F-32FB51B9F784}.Debug|Any CPU.Build.0 = Debug|Any CPU
		{545FEFBB-0BA6-4152-831F-32FB51B9F784}.Release|Any CPU.ActiveCfg = Release|Any CPU
		{545FEFBB-0BA6-4152-831F-32FB51B9F784}.Release|Any CPU.Build.0 = Release|Any CPU
	EndGlobalSection
	GlobalSection(SolutionProperties) = preSolution
		HideSolutionNode = FALSE
	EndGlobalSection
	GlobalSection(ExtensibilityGlobals) = postSolution
		SolutionGuid = {C6BCB1CE-C3A2-4D16-94B0-C7DC01F311F6}
	EndGlobalSection
EndGlobal
